// !$*UTF8*$!
{
	archiveVersion = 1;
	classes = {
	};
	objectVersion = 56;
	objects = {

/* Begin PBXBuildFile section */
		8417DBDD2C7BC45400E0FC8D /* SquareViewTests.swift in Sources */ = {isa = PBXBuildFile; fileRef = 8417DBDC2C7BC45400E0FC8D /* SquareViewTests.swift */; };
		8417DBDF2C7BC47500E0FC8D /* SquareView.swift in Sources */ = {isa = PBXBuildFile; fileRef = 8417DBDE2C7BC47500E0FC8D /* SquareView.swift */; };
		847C244A2C7A196A008D723F /* TicTacToeViewInspectorApp.swift in Sources */ = {isa = PBXBuildFile; fileRef = 847C24492C7A196A008D723F /* TicTacToeViewInspectorApp.swift */; };
		847C244C2C7A196A008D723F /* ContentView.swift in Sources */ = {isa = PBXBuildFile; fileRef = 847C244B2C7A196A008D723F /* ContentView.swift */; };
		847C244E2C7A196C008D723F /* Assets.xcassets in Resources */ = {isa = PBXBuildFile; fileRef = 847C244D2C7A196C008D723F /* Assets.xcassets */; };
		847C24512C7A196C008D723F /* Preview Assets.xcassets in Resources */ = {isa = PBXBuildFile; fileRef = 847C24502C7A196C008D723F /* Preview Assets.xcassets */; };
		847C245B2C7A196C008D723F /* GameControllerTests.swift in Sources */ = {isa = PBXBuildFile; fileRef = 847C245A2C7A196C008D723F /* GameControllerTests.swift */; };
		847C24752C7A4E9E008D723F /* GameController.swift in Sources */ = {isa = PBXBuildFile; fileRef = 847C24742C7A4E9E008D723F /* GameController.swift */; };
		847C24772C7A571F008D723F /* SquareTests.swift in Sources */ = {isa = PBXBuildFile; fileRef = 847C24762C7A571F008D723F /* SquareTests.swift */; };
		847C24792C7A5745008D723F /* Square.swift in Sources */ = {isa = PBXBuildFile; fileRef = 847C24782C7A5745008D723F /* Square.swift */; };
		84E91FF52C7BD4AD001F7DC1 /* ViewInspector in Frameworks */ = {isa = PBXBuildFile; productRef = 84E91FF42C7BD4AD001F7DC1 /* ViewInspector */; };
/* End PBXBuildFile section */

/* Begin PBXContainerItemProxy section */
		847C24572C7A196C008D723F /* PBXContainerItemProxy */ = {
			isa = PBXContainerItemProxy;
			containerPortal = 847C243E2C7A196A008D723F /* Project object */;
			proxyType = 1;
			remoteGlobalIDString = 847C24452C7A196A008D723F;
			remoteInfo = TicTacToeViewInspector;
		};
/* End PBXContainerItemProxy section */

/* Begin PBXFileReference section */
		8417DBDC2C7BC45400E0FC8D /* SquareViewTests.swift */ = {isa = PBXFileReference; lastKnownFileType = sourcecode.swift; path = SquareViewTests.swift; sourceTree = "<group>"; };
		8417DBDE2C7BC47500E0FC8D /* SquareView.swift */ = {isa = PBXFileReference; lastKnownFileType = sourcecode.swift; path = SquareView.swift; sourceTree = "<group>"; };
		847C24462C7A196A008D723F /* TicTacToeViewInspector.app */ = {isa = PBXFileReference; explicitFileType = wrapper.application; includeInIndex = 0; path = TicTacToeViewInspector.app; sourceTree = BUILT_PRODUCTS_DIR; };
		847C24492C7A196A008D723F /* TicTacToeViewInspectorApp.swift */ = {isa = PBXFileReference; lastKnownFileType = sourcecode.swift; path = TicTacToeViewInspectorApp.swift; sourceTree = "<group>"; };
		847C244B2C7A196A008D723F /* ContentView.swift */ = {isa = PBXFileReference; lastKnownFileType = sourcecode.swift; path = ContentView.swift; sourceTree = "<group>"; };
		847C244D2C7A196C008D723F /* Assets.xcassets */ = {isa = PBXFileReference; lastKnownFileType = folder.assetcatalog; path = Assets.xcassets; sourceTree = "<group>"; };
		847C24502C7A196C008D723F /* Preview Assets.xcassets */ = {isa = PBXFileReference; lastKnownFileType = folder.assetcatalog; path = "Preview Assets.xcassets"; sourceTree = "<group>"; };
		847C24562C7A196C008D723F /* TicTacToeViewInspectorTests.xctest */ = {isa = PBXFileReference; explicitFileType = wrapper.cfbundle; includeInIndex = 0; path = TicTacToeViewInspectorTests.xctest; sourceTree = BUILT_PRODUCTS_DIR; };
		847C245A2C7A196C008D723F /* GameControllerTests.swift */ = {isa = PBXFileReference; lastKnownFileType = sourcecode.swift; path = GameControllerTests.swift; sourceTree = "<group>"; };
		847C24732C7A4CC7008D723F /* TicTacToeViewInspector.xctestplan */ = {isa = PBXFileReference; lastKnownFileType = text; path = TicTacToeViewInspector.xctestplan; sourceTree = "<group>"; };
		847C24742C7A4E9E008D723F /* GameController.swift */ = {isa = PBXFileReference; lastKnownFileType = sourcecode.swift; path = GameController.swift; sourceTree = "<group>"; };
		847C24762C7A571F008D723F /* SquareTests.swift */ = {isa = PBXFileReference; lastKnownFileType = sourcecode.swift; path = SquareTests.swift; sourceTree = "<group>"; };
		847C24782C7A5745008D723F /* Square.swift */ = {isa = PBXFileReference; lastKnownFileType = sourcecode.swift; path = Square.swift; sourceTree = "<group>"; };
/* End PBXFileReference section */

/* Begin PBXFrameworksBuildPhase section */
		847C24432C7A196A008D723F /* Frameworks */ = {
			isa = PBXFrameworksBuildPhase;
			buildActionMask = 2147483647;
			files = (
			);
			runOnlyForDeploymentPostprocessing = 0;
		};
		847C24532C7A196C008D723F /* Frameworks */ = {
			isa = PBXFrameworksBuildPhase;
			buildActionMask = 2147483647;
			files = (
				84E91FF52C7BD4AD001F7DC1 /* ViewInspector in Frameworks */,
			);
			runOnlyForDeploymentPostprocessing = 0;
		};
/* End PBXFrameworksBuildPhase section */

/* Begin PBXGroup section */
		847C243D2C7A196A008D723F = {
			isa = PBXGroup;
			children = (
				847C24732C7A4CC7008D723F /* TicTacToeViewInspector.xctestplan */,
				847C24482C7A196A008D723F /* TicTacToeViewInspector */,
				847C24592C7A196C008D723F /* TicTacToeViewInspectorTests */,
				847C24472C7A196A008D723F /* Products */,
			);
			sourceTree = "<group>";
		};
		847C24472C7A196A008D723F /* Products */ = {
			isa = PBXGroup;
			children = (
				847C24462C7A196A008D723F /* TicTacToeViewInspector.app */,
				847C24562C7A196C008D723F /* TicTacToeViewInspectorTests.xctest */,
			);
			name = Products;
			sourceTree = "<group>";
		};
		847C24482C7A196A008D723F /* TicTacToeViewInspector */ = {
			isa = PBXGroup;
			children = (
				847C24492C7A196A008D723F /* TicTacToeViewInspectorApp.swift */,
				847C244B2C7A196A008D723F /* ContentView.swift */,
				847C24742C7A4E9E008D723F /* GameController.swift */,
				847C24782C7A5745008D723F /* Square.swift */,
				8417DBDE2C7BC47500E0FC8D /* SquareView.swift */,
				847C244D2C7A196C008D723F /* Assets.xcassets */,
				847C244F2C7A196C008D723F /* Preview Content */,
			);
			path = TicTacToeViewInspector;
			sourceTree = "<group>";
		};
		847C244F2C7A196C008D723F /* Preview Content */ = {
			isa = PBXGroup;
			children = (
				847C24502C7A196C008D723F /* Preview Assets.xcassets */,
			);
			path = "Preview Content";
			sourceTree = "<group>";
		};
		847C24592C7A196C008D723F /* TicTacToeViewInspectorTests */ = {
			isa = PBXGroup;
			children = (
				847C245A2C7A196C008D723F /* GameControllerTests.swift */,
				847C24762C7A571F008D723F /* SquareTests.swift */,
				8417DBDC2C7BC45400E0FC8D /* SquareViewTests.swift */,
			);
			path = TicTacToeViewInspectorTests;
			sourceTree = "<group>";
		};
/* End PBXGroup section */

/* Begin PBXNativeTarget section */
		847C24452C7A196A008D723F /* TicTacToeViewInspector */ = {
			isa = PBXNativeTarget;
			buildConfigurationList = 847C246A2C7A196C008D723F /* Build configuration list for PBXNativeTarget "TicTacToeViewInspector" */;
			buildPhases = (
				847C24422C7A196A008D723F /* Sources */,
				847C24432C7A196A008D723F /* Frameworks */,
				847C24442C7A196A008D723F /* Resources */,
			);
			buildRules = (
			);
			dependencies = (
			);
			name = TicTacToeViewInspector;
			productName = TicTacToeViewInspector;
			productReference = 847C24462C7A196A008D723F /* TicTacToeViewInspector.app */;
			productType = "com.apple.product-type.application";
		};
		847C24552C7A196C008D723F /* TicTacToeViewInspectorTests */ = {
			isa = PBXNativeTarget;
			buildConfigurationList = 847C246D2C7A196C008D723F /* Build configuration list for PBXNativeTarget "TicTacToeViewInspectorTests" */;
			buildPhases = (
				847C24522C7A196C008D723F /* Sources */,
				847C24532C7A196C008D723F /* Frameworks */,
				847C24542C7A196C008D723F /* Resources */,
			);
			buildRules = (
			);
			dependencies = (
				847C24582C7A196C008D723F /* PBXTargetDependency */,
			);
			name = TicTacToeViewInspectorTests;
			packageProductDependencies = (
				84E91FF42C7BD4AD001F7DC1 /* ViewInspector */,
			);
			productName = TicTacToeViewInspectorTests;
			productReference = 847C24562C7A196C008D723F /* TicTacToeViewInspectorTests.xctest */;
			productType = "com.apple.product-type.bundle.unit-test";
		};
/* End PBXNativeTarget section */

/* Begin PBXProject section */
		847C243E2C7A196A008D723F /* Project object */ = {
			isa = PBXProject;
			attributes = {
				BuildIndependentTargetsInParallel = 1;
				LastSwiftUpdateCheck = 1540;
				LastUpgradeCheck = 1540;
				TargetAttributes = {
					847C24452C7A196A008D723F = {
						CreatedOnToolsVersion = 15.4;
					};
					847C24552C7A196C008D723F = {
						CreatedOnToolsVersion = 15.4;
						TestTargetID = 847C24452C7A196A008D723F;
					};
				};
			};
			buildConfigurationList = 847C24412C7A196A008D723F /* Build configuration list for PBXProject "TicTacToeViewInspector" */;
			compatibilityVersion = "Xcode 14.0";
			developmentRegion = en;
			hasScannedForEncodings = 0;
			knownRegions = (
				en,
				Base,
			);
			mainGroup = 847C243D2C7A196A008D723F;
			packageReferences = (
				84E91FF32C7BD4AD001F7DC1 /* XCRemoteSwiftPackageReference "ViewInspector" */,
			);
			productRefGroup = 847C24472C7A196A008D723F /* Products */;
			projectDirPath = "";
			projectRoot = "";
			targets = (
				847C24452C7A196A008D723F /* TicTacToeViewInspector */,
				847C24552C7A196C008D723F /* TicTacToeViewInspectorTests */,
			);
		};
/* End PBXProject section */

/* Begin PBXResourcesBuildPhase section */
		847C24442C7A196A008D723F /* Resources */ = {
			isa = PBXResourcesBuildPhase;
			buildActionMask = 2147483647;
			files = (
				847C24512C7A196C008D723F /* Preview Assets.xcassets in Resources */,
				847C244E2C7A196C008D723F /* Assets.xcassets in Resources */,
			);
			runOnlyForDeploymentPostprocessing = 0;
		};
		847C24542C7A196C008D723F /* Resources */ = {
			isa = PBXResourcesBuildPhase;
			buildActionMask = 2147483647;
			files = (
			);
			runOnlyForDeploymentPostprocessing = 0;
		};
/* End PBXResourcesBuildPhase section */

/* Begin PBXSourcesBuildPhase section */
		847C24422C7A196A008D723F /* Sources */ = {
			isa = PBXSourcesBuildPhase;
			buildActionMask = 2147483647;
			files = (
				847C24792C7A5745008D723F /* Square.swift in Sources */,
				8417DBDF2C7BC47500E0FC8D /* SquareView.swift in Sources */,
				847C244C2C7A196A008D723F /* ContentView.swift in Sources */,
				847C24752C7A4E9E008D723F /* GameController.swift in Sources */,
				847C244A2C7A196A008D723F /* TicTacToeViewInspectorApp.swift in Sources */,
			);
			runOnlyForDeploymentPostprocessing = 0;
		};
		847C24522C7A196C008D723F /* Sources */ = {
			isa = PBXSourcesBuildPhase;
			buildActionMask = 2147483647;
			files = (
				8417DBDD2C7BC45400E0FC8D /* SquareViewTests.swift in Sources */,
				847C24772C7A571F008D723F /* SquareTests.swift in Sources */,
				847C245B2C7A196C008D723F /* GameControllerTests.swift in Sources */,
			);
			runOnlyForDeploymentPostprocessing = 0;
		};
/* End PBXSourcesBuildPhase section */

/* Begin PBXTargetDependency section */
		847C24582C7A196C008D723F /* PBXTargetDependency */ = {
			isa = PBXTargetDependency;
			target = 847C24452C7A196A008D723F /* TicTacToeViewInspector */;
			targetProxy = 847C24572C7A196C008D723F /* PBXContainerItemProxy */;
		};
/* End PBXTargetDependency section */

/* Begin XCBuildConfiguration section */
		847C24682C7A196C008D723F /* Debug */ = {
			isa = XCBuildConfiguration;
			buildSettings = {
				ALWAYS_SEARCH_USER_PATHS = NO;
				ASSETCATALOG_COMPILER_GENERATE_SWIFT_ASSET_SYMBOL_EXTENSIONS = YES;
				CLANG_ANALYZER_NONNULL = YES;
				CLANG_ANALYZER_NUMBER_OBJECT_CONVERSION = YES_AGGRESSIVE;
				CLANG_CXX_LANGUAGE_STANDARD = "gnu++20";
				CLANG_ENABLE_MODULES = YES;
				CLANG_ENABLE_OBJC_ARC = YES;
				CLANG_ENABLE_OBJC_WEAK = YES;
				CLANG_WARN_BLOCK_CAPTURE_AUTORELEASING = YES;
				CLANG_WARN_BOOL_CONVERSION = YES;
				CLANG_WARN_COMMA = YES;
				CLANG_WARN_CONSTANT_CONVERSION = YES;
				CLANG_WARN_DEPRECATED_OBJC_IMPLEMENTATIONS = YES;
				CLANG_WARN_DIRECT_OBJC_ISA_USAGE = YES_ERROR;
				CLANG_WARN_DOCUMENTATION_COMMENTS = YES;
				CLANG_WARN_EMPTY_BODY = YES;
				CLANG_WARN_ENUM_CONVERSION = YES;
				CLANG_WARN_INFINITE_RECURSION = YES;
				CLANG_WARN_INT_CONVERSION = YES;
				CLANG_WARN_NON_LITERAL_NULL_CONVERSION = YES;
				CLANG_WARN_OBJC_IMPLICIT_RETAIN_SELF = YES;
				CLANG_WARN_OBJC_LITERAL_CONVERSION = YES;
				CLANG_WARN_OBJC_ROOT_CLASS = YES_ERROR;
				CLANG_WARN_QUOTED_INCLUDE_IN_FRAMEWORK_HEADER = YES;
				CLANG_WARN_RANGE_LOOP_ANALYSIS = YES;
				CLANG_WARN_STRICT_PROTOTYPES = YES;
				CLANG_WARN_SUSPICIOUS_MOVE = YES;
				CLANG_WARN_UNGUARDED_AVAILABILITY = YES_AGGRESSIVE;
				CLANG_WARN_UNREACHABLE_CODE = YES;
				CLANG_WARN__DUPLICATE_METHOD_MATCH = YES;
				COPY_PHASE_STRIP = NO;
				DEBUG_INFORMATION_FORMAT = dwarf;
				ENABLE_STRICT_OBJC_MSGSEND = YES;
				ENABLE_TESTABILITY = YES;
				ENABLE_USER_SCRIPT_SANDBOXING = YES;
				GCC_C_LANGUAGE_STANDARD = gnu17;
				GCC_DYNAMIC_NO_PIC = NO;
				GCC_NO_COMMON_BLOCKS = YES;
				GCC_OPTIMIZATION_LEVEL = 0;
				GCC_PREPROCESSOR_DEFINITIONS = (
					"DEBUG=1",
					"$(inherited)",
				);
				GCC_WARN_64_TO_32_BIT_CONVERSION = YES;
				GCC_WARN_ABOUT_RETURN_TYPE = YES_ERROR;
				GCC_WARN_UNDECLARED_SELECTOR = YES;
				GCC_WARN_UNINITIALIZED_AUTOS = YES_AGGRESSIVE;
				GCC_WARN_UNUSED_FUNCTION = YES;
				GCC_WARN_UNUSED_VARIABLE = YES;
				IPHONEOS_DEPLOYMENT_TARGET = 17.5;
				LOCALIZATION_PREFERS_STRING_CATALOGS = YES;
				MTL_ENABLE_DEBUG_INFO = INCLUDE_SOURCE;
				MTL_FAST_MATH = YES;
				ONLY_ACTIVE_ARCH = YES;
				SDKROOT = iphoneos;
				SWIFT_ACTIVE_COMPILATION_CONDITIONS = "DEBUG $(inherited)";
				SWIFT_OPTIMIZATION_LEVEL = "-Onone";
			};
			name = Debug;
		};
		847C24692C7A196C008D723F /* Release */ = {
			isa = XCBuildConfiguration;
			buildSettings = {
				ALWAYS_SEARCH_USER_PATHS = NO;
				ASSETCATALOG_COMPILER_GENERATE_SWIFT_ASSET_SYMBOL_EXTENSIONS = YES;
				CLANG_ANALYZER_NONNULL = YES;
				CLANG_ANALYZER_NUMBER_OBJECT_CONVERSION = YES_AGGRESSIVE;
				CLANG_CXX_LANGUAGE_STANDARD = "gnu++20";
				CLANG_ENABLE_MODULES = YES;
				CLANG_ENABLE_OBJC_ARC = YES;
				CLANG_ENABLE_OBJC_WEAK = YES;
				CLANG_WARN_BLOCK_CAPTURE_AUTORELEASING = YES;
				CLANG_WARN_BOOL_CONVERSION = YES;
				CLANG_WARN_COMMA = YES;
				CLANG_WARN_CONSTANT_CONVERSION = YES;
				CLANG_WARN_DEPRECATED_OBJC_IMPLEMENTATIONS = YES;
				CLANG_WARN_DIRECT_OBJC_ISA_USAGE = YES_ERROR;
				CLANG_WARN_DOCUMENTATION_COMMENTS = YES;
				CLANG_WARN_EMPTY_BODY = YES;
				CLANG_WARN_ENUM_CONVERSION = YES;
				CLANG_WARN_INFINITE_RECURSION = YES;
				CLANG_WARN_INT_CONVERSION = YES;
				CLANG_WARN_NON_LITERAL_NULL_CONVERSION = YES;
				CLANG_WARN_OBJC_IMPLICIT_RETAIN_SELF = YES;
				CLANG_WARN_OBJC_LITERAL_CONVERSION = YES;
				CLANG_WARN_OBJC_ROOT_CLASS = YES_ERROR;
				CLANG_WARN_QUOTED_INCLUDE_IN_FRAMEWORK_HEADER = YES;
				CLANG_WARN_RANGE_LOOP_ANALYSIS = YES;
				CLANG_WARN_STRICT_PROTOTYPES = YES;
				CLANG_WARN_SUSPICIOUS_MOVE = YES;
				CLANG_WARN_UNGUARDED_AVAILABILITY = YES_AGGRESSIVE;
				CLANG_WARN_UNREACHABLE_CODE = YES;
				CLANG_WARN__DUPLICATE_METHOD_MATCH = YES;
				COPY_PHASE_STRIP = NO;
				DEBUG_INFORMATION_FORMAT = "dwarf-with-dsym";
				ENABLE_NS_ASSERTIONS = NO;
				ENABLE_STRICT_OBJC_MSGSEND = YES;
				ENABLE_USER_SCRIPT_SANDBOXING = YES;
				GCC_C_LANGUAGE_STANDARD = gnu17;
				GCC_NO_COMMON_BLOCKS = YES;
				GCC_WARN_64_TO_32_BIT_CONVERSION = YES;
				GCC_WARN_ABOUT_RETURN_TYPE = YES_ERROR;
				GCC_WARN_UNDECLARED_SELECTOR = YES;
				GCC_WARN_UNINITIALIZED_AUTOS = YES_AGGRESSIVE;
				GCC_WARN_UNUSED_FUNCTION = YES;
				GCC_WARN_UNUSED_VARIABLE = YES;
				IPHONEOS_DEPLOYMENT_TARGET = 17.5;
				LOCALIZATION_PREFERS_STRING_CATALOGS = YES;
				MTL_ENABLE_DEBUG_INFO = NO;
				MTL_FAST_MATH = YES;
				SDKROOT = iphoneos;
				SWIFT_COMPILATION_MODE = wholemodule;
				VALIDATE_PRODUCT = YES;
			};
			name = Release;
		};
		847C246B2C7A196C008D723F /* Debug */ = {
			isa = XCBuildConfiguration;
			buildSettings = {
				ASSETCATALOG_COMPILER_APPICON_NAME = AppIcon;
				ASSETCATALOG_COMPILER_GLOBAL_ACCENT_COLOR_NAME = AccentColor;
				CODE_SIGN_STYLE = Automatic;
				CURRENT_PROJECT_VERSION = 1;
				DEVELOPMENT_ASSET_PATHS = "\"TicTacToeViewInspector/Preview Content\"";
				DEVELOPMENT_TEAM = 833AT2F722;
				ENABLE_PREVIEWS = YES;
				GENERATE_INFOPLIST_FILE = YES;
				INFOPLIST_KEY_UIApplicationSceneManifest_Generation = YES;
				INFOPLIST_KEY_UIApplicationSupportsIndirectInputEvents = YES;
				INFOPLIST_KEY_UILaunchScreen_Generation = YES;
				INFOPLIST_KEY_UISupportedInterfaceOrientations_iPad = "UIInterfaceOrientationPortrait UIInterfaceOrientationPortraitUpsideDown UIInterfaceOrientationLandscapeLeft UIInterfaceOrientationLandscapeRight";
				INFOPLIST_KEY_UISupportedInterfaceOrientations_iPhone = "UIInterfaceOrientationPortrait UIInterfaceOrientationLandscapeLeft UIInterfaceOrientationLandscapeRight";
				LD_RUNPATH_SEARCH_PATHS = (
					"$(inherited)",
					"@executable_path/Frameworks",
				);
				MARKETING_VERSION = 1.0;
				PRODUCT_BUNDLE_IDENTIFIER = net.perlguy.TicTacToeViewInspector;
				PRODUCT_NAME = "$(TARGET_NAME)";
				SWIFT_EMIT_LOC_STRINGS = YES;
				SWIFT_VERSION = 5.0;
				TARGETED_DEVICE_FAMILY = "1,2";
			};
			name = Debug;
		};
		847C246C2C7A196C008D723F /* Release */ = {
			isa = XCBuildConfiguration;
			buildSettings = {
				ASSETCATALOG_COMPILER_APPICON_NAME = AppIcon;
				ASSETCATALOG_COMPILER_GLOBAL_ACCENT_COLOR_NAME = AccentColor;
				CODE_SIGN_STYLE = Automatic;
				CURRENT_PROJECT_VERSION = 1;
				DEVELOPMENT_ASSET_PATHS = "\"TicTacToeViewInspector/Preview Content\"";
				DEVELOPMENT_TEAM = 833AT2F722;
				ENABLE_PREVIEWS = YES;
				GENERATE_INFOPLIST_FILE = YES;
				INFOPLIST_KEY_UIApplicationSceneManifest_Generation = YES;
				INFOPLIST_KEY_UIApplicationSupportsIndirectInputEvents = YES;
				INFOPLIST_KEY_UILaunchScreen_Generation = YES;
				INFOPLIST_KEY_UISupportedInterfaceOrientations_iPad = "UIInterfaceOrientationPortrait UIInterfaceOrientationPortraitUpsideDown UIInterfaceOrientationLandscapeLeft UIInterfaceOrientationLandscapeRight";
				INFOPLIST_KEY_UISupportedInterfaceOrientations_iPhone = "UIInterfaceOrientationPortrait UIInterfaceOrientationLandscapeLeft UIInterfaceOrientationLandscapeRight";
				LD_RUNPATH_SEARCH_PATHS = (
					"$(inherited)",
					"@executable_path/Frameworks",
				);
				MARKETING_VERSION = 1.0;
				PRODUCT_BUNDLE_IDENTIFIER = net.perlguy.TicTacToeViewInspector;
				PRODUCT_NAME = "$(TARGET_NAME)";
				SWIFT_EMIT_LOC_STRINGS = YES;
				SWIFT_VERSION = 5.0;
				TARGETED_DEVICE_FAMILY = "1,2";
			};
			name = Release;
		};
		847C246E2C7A196C008D723F /* Debug */ = {
			isa = XCBuildConfiguration;
			buildSettings = {
				ALWAYS_EMBED_SWIFT_STANDARD_LIBRARIES = YES;
				BUNDLE_LOADER = "$(TEST_HOST)";
				CODE_SIGN_STYLE = Automatic;
				CURRENT_PROJECT_VERSION = 1;
				DEVELOPMENT_TEAM = 833AT2F722;
				GENERATE_INFOPLIST_FILE = YES;
				IPHONEOS_DEPLOYMENT_TARGET = 17.5;
				MARKETING_VERSION = 1.0;
				PRODUCT_BUNDLE_IDENTIFIER = net.perlguy.TicTacToeViewInspectorTests;
				PRODUCT_NAME = "$(TARGET_NAME)";
				SWIFT_EMIT_LOC_STRINGS = NO;
				SWIFT_VERSION = 5.0;
				TARGETED_DEVICE_FAMILY = "1,2";
				TEST_HOST = "$(BUILT_PRODUCTS_DIR)/TicTacToeViewInspector.app/$(BUNDLE_EXECUTABLE_FOLDER_PATH)/TicTacToeViewInspector";
			};
			name = Debug;
		};
		847C246F2C7A196C008D723F /* Release */ = {
			isa = XCBuildConfiguration;
			buildSettings = {
				ALWAYS_EMBED_SWIFT_STANDARD_LIBRARIES = YES;
				BUNDLE_LOADER = "$(TEST_HOST)";
				CODE_SIGN_STYLE = Automatic;
				CURRENT_PROJECT_VERSION = 1;
				DEVELOPMENT_TEAM = 833AT2F722;
				GENERATE_INFOPLIST_FILE = YES;
				IPHONEOS_DEPLOYMENT_TARGET = 17.5;
				MARKETING_VERSION = 1.0;
				PRODUCT_BUNDLE_IDENTIFIER = net.perlguy.TicTacToeViewInspectorTests;
				PRODUCT_NAME = "$(TARGET_NAME)";
				SWIFT_EMIT_LOC_STRINGS = NO;
				SWIFT_VERSION = 5.0;
				TARGETED_DEVICE_FAMILY = "1,2";
				TEST_HOST = "$(BUILT_PRODUCTS_DIR)/TicTacToeViewInspector.app/$(BUNDLE_EXECUTABLE_FOLDER_PATH)/TicTacToeViewInspector";
			};
			name = Release;
		};
/* End XCBuildConfiguration section */

/* Begin XCConfigurationList section */
		847C24412C7A196A008D723F /* Build configuration list for PBXProject "TicTacToeViewInspector" */ = {
			isa = XCConfigurationList;
			buildConfigurations = (
				847C24682C7A196C008D723F /* Debug */,
				847C24692C7A196C008D723F /* Release */,
			);
			defaultConfigurationIsVisible = 0;
			defaultConfigurationName = Release;
		};
		847C246A2C7A196C008D723F /* Build configuration list for PBXNativeTarget "TicTacToeViewInspector" */ = {
			isa = XCConfigurationList;
			buildConfigurations = (
				847C246B2C7A196C008D723F /* Debug */,
				847C246C2C7A196C008D723F /* Release */,
			);
			defaultConfigurationIsVisible = 0;
			defaultConfigurationName = Release;
		};
		847C246D2C7A196C008D723F /* Build configuration list for PBXNativeTarget "TicTacToeViewInspectorTests" */ = {
			isa = XCConfigurationList;
			buildConfigurations = (
				847C246E2C7A196C008D723F /* Debug */,
				847C246F2C7A196C008D723F /* Release */,
			);
			defaultConfigurationIsVisible = 0;
			defaultConfigurationName = Release;
		};
/* End XCConfigurationList section */

/* Begin XCRemoteSwiftPackageReference section */
		84E91FF32C7BD4AD001F7DC1 /* XCRemoteSwiftPackageReference "ViewInspector" */ = {
			isa = XCRemoteSwiftPackageReference;
			repositoryURL = "https://github.com/nalexn/ViewInspector.git";
			requirement = {
				branch = 0.10.0;
				kind = branch;
			};
		};
/* End XCRemoteSwiftPackageReference section */

/* Begin XCSwiftPackageProductDependency section */
		84E91FF42C7BD4AD001F7DC1 /* ViewInspector */ = {
			isa = XCSwiftPackageProductDependency;
			package = 84E91FF32C7BD4AD001F7DC1 /* XCRemoteSwiftPackageReference "ViewInspector" */;
			productName = ViewInspector;
		};
/* End XCSwiftPackageProductDependency section */
	};
	rootObject = 847C243E2C7A196A008D723F /* Project object */;
}
